
Microsoft Visual Studio Solution File, Format Version 12.00
# Visual Studio Version 16
VisualStudioVersion = 16.0.34031.81
MinimumVisualStudioVersion = 10.0.40219.1
Project("{FAE04EC0-301F-11D3-BF4B-00C04F79EFBC}") = "BT2", "BT2\BT2.csproj", "{1DA8C961-5FC0-4FDF-AEF0-1314D6B7CC00}"
EndProject
Global
	GlobalSection(SolutionConfigurationPlatforms) = preSolution
		Debug|Any CPU = Debug|Any CPU
		Release|Any CPU = Release|Any CPU
	EndGlobalSection
	GlobalSection(ProjectConfigurationPlatforms) = postSolution
		{1DA8C961-5FC0-4FDF-AEF0-1314D6B7CC00}.Debug|Any CPU.ActiveCfg = Debug|Any CPU
		{1DA8C961-5FC0-4FDF-AEF0-1314D6B7CC00}.Debug|Any CPU.Build.0 = Debug|Any CPU
		{1DA8C961-5FC0-4FDF-AEF0-1314D6B7CC00}.Release|Any CPU.ActiveCfg = Release|Any CPU
		{1DA8C961-5FC0-4FDF-AEF0-1314D6B7CC00}.Release|Any CPU.Build.0 = Release|Any CPU
	EndGlobalSection
	GlobalSection(SolutionProperties) = preSolution
		HideSolutionNode = FALSE
	EndGlobalSection
	GlobalSection(ExtensibilityGlobals) = postSolution
		SolutionGuid = {8B4160A3-0F5A-4F00-866A-42CC435C1A6A}
	EndGlobalSection
EndGlobal
